
Microsoft Visual Studio Solution File, Format Version 12.00
# Visual Studio Version 17
VisualStudioVersion = 17.8.34511.84
MinimumVisualStudioVersion = 10.0.40219.1
Project("{FAE04EC0-301F-11D3-BF4B-00C04F79EFBC}") = "OPC5-BlogApp", "OPC5-BlogApp.csproj", "{C7E4BB01-541E-4671-BA4C-DBF24E6BEDAF}"
EndProject
Global
	GlobalSection(SolutionConfigurationPlatforms) = preSolution
		Debug|Any CPU = Debug|Any CPU
		Release|Any CPU = Release|Any CPU
	EndGlobalSection
	GlobalSection(ProjectConfigurationPlatforms) = postSolution
		{C7E4BB01-541E-4671-BA4C-DBF24E6BEDAF}.Debug|Any CPU.ActiveCfg = Debug|Any CPU
		{C7E4BB01-541E-4671-BA4C-DBF24E6BEDAF}.Debug|Any CPU.Build.0 = Debug|Any CPU
		{C7E4BB01-541E-4671-BA4C-DBF24E6BEDAF}.Release|Any CPU.ActiveCfg = Release|Any CPU
		{C7E4BB01-541E-4671-BA4C-DBF24E6BEDAF}.Release|Any CPU.Build.0 = Release|Any CPU
	EndGlobalSection
	GlobalSection(SolutionProperties) = preSolution
		HideSolutionNode = FALSE
	EndGlobalSection
	GlobalSection(ExtensibilityGlobals) = postSolution
		SolutionGuid = {DC5EB1A6-5E4F-4C9A-AF8A-C0E0C7555B77}
	EndGlobalSection
EndGlobal
